
Microsoft Visual Studio Solution File, Format Version 12.00
# Visual Studio Version 17
VisualStudioVersion = 17.5.002.0
MinimumVisualStudioVersion = 10.0.40219.1
Project("{9A19103F-16F7-4668-BE54-9A1E7A4F7556}") = "EntityFramework", "EntityFramework.csproj", "{2ED0D5EB-25F1-4939-A1F9-BF95F1F0EAD2}"
EndProject
Global
	GlobalSection(SolutionConfigurationPlatforms) = preSolution
		Debug|Any CPU = Debug|Any CPU
		Release|Any CPU = Release|Any CPU
	EndGlobalSection
	GlobalSection(ProjectConfigurationPlatforms) = postSolution
		{2ED0D5EB-25F1-4939-A1F9-BF95F1F0EAD2}.Debug|Any CPU.ActiveCfg = Debug|Any CPU
		{2ED0D5EB-25F1-4939-A1F9-BF95F1F0EAD2}.Debug|Any CPU.Build.0 = Debug|Any CPU
		{2ED0D5EB-25F1-4939-A1F9-BF95F1F0EAD2}.Release|Any CPU.ActiveCfg = Release|Any CPU
		{2ED0D5EB-25F1-4939-A1F9-BF95F1F0EAD2}.Release|Any CPU.Build.0 = Release|Any CPU
	EndGlobalSection
	GlobalSection(SolutionProperties) = preSolution
		HideSolutionNode = FALSE
	EndGlobalSection
	GlobalSection(ExtensibilityGlobals) = postSolution
		SolutionGuid = {8230B029-3378-485B-BD9B-AB34BC16621E}
	EndGlobalSection
EndGlobal
